
Microsoft Visual Studio Solution File, Format Version 12.00
# Visual Studio Version 17
VisualStudioVersion = 17.0.31903.59
MinimumVisualStudioVersion = 10.0.40219.1
Project("{FAE04EC0-301F-11D3-BF4B-00C04F79EFBC}") = "FrameworkFundamentals", "FrameworkFundamentals\FrameworkFundamentals.csproj", "{4224EE95-084A-48B4-8424-DCAED7CAFB3D}"
EndProject
Project("{FAE04EC0-301F-11D3-BF4B-00C04F79EFBC}") = "FloatingNumberValidator", "FloatingNumberValidator\FloatingNumberValidator.csproj", "{CAB7D74D-2725-4AF4-9576-E427E377080E}"
EndProject
Global
	GlobalSection(SolutionConfigurationPlatforms) = preSolution
		Debug|Any CPU = Debug|Any CPU
		Release|Any CPU = Release|Any CPU
	EndGlobalSection
	GlobalSection(SolutionProperties) = preSolution
		HideSolutionNode = FALSE
	EndGlobalSection
	GlobalSection(ProjectConfigurationPlatforms) = postSolution
		{4224EE95-084A-48B4-8424-DCAED7CAFB3D}.Debug|Any CPU.ActiveCfg = Debug|Any CPU
		{4224EE95-084A-48B4-8424-DCAED7CAFB3D}.Debug|Any CPU.Build.0 = Debug|Any CPU
		{4224EE95-084A-48B4-8424-DCAED7CAFB3D}.Release|Any CPU.ActiveCfg = Release|Any CPU
		{4224EE95-084A-48B4-8424-DCAED7CAFB3D}.Release|Any CPU.Build.0 = Release|Any CPU
		{CAB7D74D-2725-4AF4-9576-E427E377080E}.Debug|Any CPU.ActiveCfg = Debug|Any CPU
		{CAB7D74D-2725-4AF4-9576-E427E377080E}.Debug|Any CPU.Build.0 = Debug|Any CPU
		{CAB7D74D-2725-4AF4-9576-E427E377080E}.Release|Any CPU.ActiveCfg = Release|Any CPU
		{CAB7D74D-2725-4AF4-9576-E427E377080E}.Release|Any CPU.Build.0 = Release|Any CPU
	EndGlobalSection
EndGlobal
